
Microsoft Visual Studio Solution File, Format Version 12.00
# Visual Studio Version 17
VisualStudioVersion = 17.0.31903.59
MinimumVisualStudioVersion = 10.0.40219.1
Project("{FAE04EC0-301F-11D3-BF4B-00C04F79EFBC}") = "MicroServiceOrders.WebApi", "MicroServiceOrders.WebApi\MicroServiceOrders.WebApi.csproj", "{E370ED8E-13BC-4D29-9FE8-969AFA148467}"
EndProject
Project("{FAE04EC0-301F-11D3-BF4B-00C04F79EFBC}") = "MicroServiceOrders.Domain", "MicroServiceOrders.Domain\MicroServiceOrders.Domain.csproj", "{7DA4134B-1A52-42C8-9EA5-0AEA72AC285C}"
EndProject
Project("{FAE04EC0-301F-11D3-BF4B-00C04F79EFBC}") = "MicroServiceOrders.Application", "MicroServiceOrders.Application\MicroServiceOrders.Application.csproj", "{C447C960-C006-4ABF-A4A6-B5A63573755E}"
EndProject
Project("{FAE04EC0-301F-11D3-BF4B-00C04F79EFBC}") = "MicroServiceOrders.Infrastructure", "MicroServiceOrders.Infrastructure\MicroServiceOrders.Infrastructure.csproj", "{C1D9E2A0-8853-4EC7-B5E5-7A36CBD6D1FE}"
EndProject
Global
	GlobalSection(SolutionConfigurationPlatforms) = preSolution
		Debug|Any CPU = Debug|Any CPU
		Release|Any CPU = Release|Any CPU
	EndGlobalSection
	GlobalSection(SolutionProperties) = preSolution
		HideSolutionNode = FALSE
	EndGlobalSection
	GlobalSection(ProjectConfigurationPlatforms) = postSolution
		{E370ED8E-13BC-4D29-9FE8-969AFA148467}.Debug|Any CPU.ActiveCfg = Debug|Any CPU
		{E370ED8E-13BC-4D29-9FE8-969AFA148467}.Debug|Any CPU.Build.0 = Debug|Any CPU
		{E370ED8E-13BC-4D29-9FE8-969AFA148467}.Release|Any CPU.ActiveCfg = Release|Any CPU
		{E370ED8E-13BC-4D29-9FE8-969AFA148467}.Release|Any CPU.Build.0 = Release|Any CPU
		{7DA4134B-1A52-42C8-9EA5-0AEA72AC285C}.Debug|Any CPU.ActiveCfg = Debug|Any CPU
		{7DA4134B-1A52-42C8-9EA5-0AEA72AC285C}.Debug|Any CPU.Build.0 = Debug|Any CPU
		{7DA4134B-1A52-42C8-9EA5-0AEA72AC285C}.Release|Any CPU.ActiveCfg = Release|Any CPU
		{7DA4134B-1A52-42C8-9EA5-0AEA72AC285C}.Release|Any CPU.Build.0 = Release|Any CPU
		{C447C960-C006-4ABF-A4A6-B5A63573755E}.Debug|Any CPU.ActiveCfg = Debug|Any CPU
		{C447C960-C006-4ABF-A4A6-B5A63573755E}.Debug|Any CPU.Build.0 = Debug|Any CPU
		{C447C960-C006-4ABF-A4A6-B5A63573755E}.Release|Any CPU.ActiveCfg = Release|Any CPU
		{C447C960-C006-4ABF-A4A6-B5A63573755E}.Release|Any CPU.Build.0 = Release|Any CPU
		{C1D9E2A0-8853-4EC7-B5E5-7A36CBD6D1FE}.Debug|Any CPU.ActiveCfg = Debug|Any CPU
		{C1D9E2A0-8853-4EC7-B5E5-7A36CBD6D1FE}.Debug|Any CPU.Build.0 = Debug|Any CPU
		{C1D9E2A0-8853-4EC7-B5E5-7A36CBD6D1FE}.Release|Any CPU.ActiveCfg = Release|Any CPU
		{C1D9E2A0-8853-4EC7-B5E5-7A36CBD6D1FE}.Release|Any CPU.Build.0 = Release|Any CPU
	EndGlobalSection
EndGlobal
